// !$*UTF8*$!
{
	archiveVersion = 1;
	classes = {
	};
	objectVersion = 50;
	objects = {

/* Begin PBXBuildFile section */
		AEC20E0424AD274C00BAC4CD /* NetworkManagerTests.swift in Sources */ = {isa = PBXBuildFile; fileRef = AEC20E0324AD274C00BAC4CD /* NetworkManagerTests.swift */; };
		AEC20E0D24AD28DE00BAC4CD /* URL+StaticString.swift in Sources */ = {isa = PBXBuildFile; fileRef = AEC20E0C24AD28DE00BAC4CD /* URL+StaticString.swift */; };
		AEC20E0E24AD28DE00BAC4CD /* URL+StaticString.swift in Sources */ = {isa = PBXBuildFile; fileRef = AEC20E0C24AD28DE00BAC4CD /* URL+StaticString.swift */; };
		AEC20E0F24AD28DE00BAC4CD /* URL+StaticString.swift in Sources */ = {isa = PBXBuildFile; fileRef = AEC20E0C24AD28DE00BAC4CD /* URL+StaticString.swift */; };
		AEC20E1124AD294600BAC4CD /* Constants.swift in Sources */ = {isa = PBXBuildFile; fileRef = AEC20E1024AD294600BAC4CD /* Constants.swift */; };
		AEC20E1224AD294600BAC4CD /* Constants.swift in Sources */ = {isa = PBXBuildFile; fileRef = AEC20E1024AD294600BAC4CD /* Constants.swift */; };
		AEC20E1324AD294600BAC4CD /* Constants.swift in Sources */ = {isa = PBXBuildFile; fileRef = AEC20E1024AD294600BAC4CD /* Constants.swift */; };
		AEC20E1624AD2C4500BAC4CD /* NetworkManager.swift in Sources */ = {isa = PBXBuildFile; fileRef = AEC20E1524AD2C4500BAC4CD /* NetworkManager.swift */; };
		AEC20E1724AD2C4500BAC4CD /* NetworkManager.swift in Sources */ = {isa = PBXBuildFile; fileRef = AEC20E1524AD2C4500BAC4CD /* NetworkManager.swift */; };
		AEC20E1824AD2C4500BAC4CD /* NetworkManager.swift in Sources */ = {isa = PBXBuildFile; fileRef = AEC20E1524AD2C4500BAC4CD /* NetworkManager.swift */; };
		AEC20E1924AD2D4300BAC4CD /* Connection.swift in Sources */ = {isa = PBXBuildFile; fileRef = AEE4BE7F24AAC0190030BE06 /* Connection.swift */; };
		AEC20E1A24AD2D4800BAC4CD /* PrinterManager.swift in Sources */ = {isa = PBXBuildFile; fileRef = AEE4BE7924AABBB40030BE06 /* PrinterManager.swift */; };
		AEC20E1B24AD2D5700BAC4CD /* SquidPrintApp.swift in Sources */ = {isa = PBXBuildFile; fileRef = AECE5CB224A6CC720032B366 /* SquidPrintApp.swift */; };
		AEC20E1C24AD2D5700BAC4CD /* ConnectionView.swift in Sources */ = {isa = PBXBuildFile; fileRef = AEEF22CF24A9853A0041BA36 /* ConnectionView.swift */; };
		AEC20E1D24AD2D5700BAC4CD /* ContentView.swift in Sources */ = {isa = PBXBuildFile; fileRef = AECE5CB324A6CC720032B366 /* ContentView.swift */; };
		AEC20E1E24AD2D5700BAC4CD /* PrinterProfile.swift in Sources */ = {isa = PBXBuildFile; fileRef = AEE4BE7C24AABF0E0030BE06 /* PrinterProfile.swift */; };
		AEC20E2824AD3E5800BAC4CD /* URLSession+NetworkSession.swift in Sources */ = {isa = PBXBuildFile; fileRef = AEC20E2724AD3E5800BAC4CD /* URLSession+NetworkSession.swift */; };
		AEC20E2924AD3E5800BAC4CD /* URLSession+NetworkSession.swift in Sources */ = {isa = PBXBuildFile; fileRef = AEC20E2724AD3E5800BAC4CD /* URLSession+NetworkSession.swift */; };
		AEC20E2A24AD3E5800BAC4CD /* URLSession+NetworkSession.swift in Sources */ = {isa = PBXBuildFile; fileRef = AEC20E2724AD3E5800BAC4CD /* URLSession+NetworkSession.swift */; };
		AEC20E2C24AD496400BAC4CD /* Helpers.swift in Sources */ = {isa = PBXBuildFile; fileRef = AEC20E2B24AD496400BAC4CD /* Helpers.swift */; };
		AECE5CC524A6CC730032B366 /* SquidPrintApp.swift in Sources */ = {isa = PBXBuildFile; fileRef = AECE5CB224A6CC720032B366 /* SquidPrintApp.swift */; };
		AECE5CC624A6CC730032B366 /* SquidPrintApp.swift in Sources */ = {isa = PBXBuildFile; fileRef = AECE5CB224A6CC720032B366 /* SquidPrintApp.swift */; };
		AECE5CC724A6CC730032B366 /* ContentView.swift in Sources */ = {isa = PBXBuildFile; fileRef = AECE5CB324A6CC720032B366 /* ContentView.swift */; };
		AECE5CC824A6CC730032B366 /* ContentView.swift in Sources */ = {isa = PBXBuildFile; fileRef = AECE5CB324A6CC720032B366 /* ContentView.swift */; };
		AECE5CC924A6CC730032B366 /* Assets.xcassets in Resources */ = {isa = PBXBuildFile; fileRef = AECE5CB424A6CC730032B366 /* Assets.xcassets */; };
		AECE5CCA24A6CC730032B366 /* Assets.xcassets in Resources */ = {isa = PBXBuildFile; fileRef = AECE5CB424A6CC730032B366 /* Assets.xcassets */; };
		AEE4BE7A24AABBB40030BE06 /* PrinterManager.swift in Sources */ = {isa = PBXBuildFile; fileRef = AEE4BE7924AABBB40030BE06 /* PrinterManager.swift */; };
		AEE4BE7B24AABBB40030BE06 /* PrinterManager.swift in Sources */ = {isa = PBXBuildFile; fileRef = AEE4BE7924AABBB40030BE06 /* PrinterManager.swift */; };
		AEE4BE7D24AABF0E0030BE06 /* PrinterProfile.swift in Sources */ = {isa = PBXBuildFile; fileRef = AEE4BE7C24AABF0E0030BE06 /* PrinterProfile.swift */; };
		AEE4BE7E24AABF0E0030BE06 /* PrinterProfile.swift in Sources */ = {isa = PBXBuildFile; fileRef = AEE4BE7C24AABF0E0030BE06 /* PrinterProfile.swift */; };
		AEE4BE8024AAC0190030BE06 /* Connection.swift in Sources */ = {isa = PBXBuildFile; fileRef = AEE4BE7F24AAC0190030BE06 /* Connection.swift */; };
		AEE4BE8124AAC0190030BE06 /* Connection.swift in Sources */ = {isa = PBXBuildFile; fileRef = AEE4BE7F24AAC0190030BE06 /* Connection.swift */; };
		AEEF22D024A9853A0041BA36 /* ConnectionView.swift in Sources */ = {isa = PBXBuildFile; fileRef = AEEF22CF24A9853A0041BA36 /* ConnectionView.swift */; };
		AEEF22D124A9853A0041BA36 /* ConnectionView.swift in Sources */ = {isa = PBXBuildFile; fileRef = AEEF22CF24A9853A0041BA36 /* ConnectionView.swift */; };
/* End PBXBuildFile section */

/* Begin PBXContainerItemProxy section */
		AEC20E0624AD274C00BAC4CD /* PBXContainerItemProxy */ = {
			isa = PBXContainerItemProxy;
			containerPortal = AECE5CAD24A6CC710032B366 /* Project object */;
			proxyType = 1;
			remoteGlobalIDString = AECE5CB824A6CC730032B366;
			remoteInfo = iOS;
		};
/* End PBXContainerItemProxy section */

/* Begin PBXFileReference section */
		AEC20E0124AD274C00BAC4CD /* SquidPrintTests.xctest */ = {isa = PBXFileReference; explicitFileType = wrapper.cfbundle; includeInIndex = 0; path = SquidPrintTests.xctest; sourceTree = BUILT_PRODUCTS_DIR; };
		AEC20E0324AD274C00BAC4CD /* NetworkManagerTests.swift */ = {isa = PBXFileReference; lastKnownFileType = sourcecode.swift; path = NetworkManagerTests.swift; sourceTree = "<group>"; };
		AEC20E0524AD274C00BAC4CD /* Info.plist */ = {isa = PBXFileReference; lastKnownFileType = text.plist.xml; path = Info.plist; sourceTree = "<group>"; };
		AEC20E0C24AD28DE00BAC4CD /* URL+StaticString.swift */ = {isa = PBXFileReference; lastKnownFileType = sourcecode.swift; path = "URL+StaticString.swift"; sourceTree = "<group>"; };
		AEC20E1024AD294600BAC4CD /* Constants.swift */ = {isa = PBXFileReference; lastKnownFileType = sourcecode.swift; path = Constants.swift; sourceTree = "<group>"; };
		AEC20E1524AD2C4500BAC4CD /* NetworkManager.swift */ = {isa = PBXFileReference; lastKnownFileType = sourcecode.swift; path = NetworkManager.swift; sourceTree = "<group>"; };
		AEC20E2724AD3E5800BAC4CD /* URLSession+NetworkSession.swift */ = {isa = PBXFileReference; lastKnownFileType = sourcecode.swift; path = "URLSession+NetworkSession.swift"; sourceTree = "<group>"; };
		AEC20E2B24AD496400BAC4CD /* Helpers.swift */ = {isa = PBXFileReference; lastKnownFileType = sourcecode.swift; path = Helpers.swift; sourceTree = "<group>"; };
		AECE5CB224A6CC720032B366 /* SquidPrintApp.swift */ = {isa = PBXFileReference; lastKnownFileType = sourcecode.swift; path = SquidPrintApp.swift; sourceTree = "<group>"; };
		AECE5CB324A6CC720032B366 /* ContentView.swift */ = {isa = PBXFileReference; lastKnownFileType = sourcecode.swift; path = ContentView.swift; sourceTree = "<group>"; };
		AECE5CB424A6CC730032B366 /* Assets.xcassets */ = {isa = PBXFileReference; lastKnownFileType = folder.assetcatalog; path = Assets.xcassets; sourceTree = "<group>"; };
		AECE5CB924A6CC730032B366 /* SquidPrint.app */ = {isa = PBXFileReference; explicitFileType = wrapper.application; includeInIndex = 0; path = SquidPrint.app; sourceTree = BUILT_PRODUCTS_DIR; };
		AECE5CBC24A6CC730032B366 /* Info.plist */ = {isa = PBXFileReference; lastKnownFileType = text.plist.xml; path = Info.plist; sourceTree = "<group>"; };
		AECE5CC124A6CC730032B366 /* SquidPrint.app */ = {isa = PBXFileReference; explicitFileType = wrapper.application; includeInIndex = 0; path = SquidPrint.app; sourceTree = BUILT_PRODUCTS_DIR; };
		AECE5CC324A6CC730032B366 /* Info.plist */ = {isa = PBXFileReference; lastKnownFileType = text.plist.xml; path = Info.plist; sourceTree = "<group>"; };
		AECE5CC424A6CC730032B366 /* macOS.entitlements */ = {isa = PBXFileReference; lastKnownFileType = text.plist.entitlements; path = macOS.entitlements; sourceTree = "<group>"; };
		AEE4BE7924AABBB40030BE06 /* PrinterManager.swift */ = {isa = PBXFileReference; lastKnownFileType = sourcecode.swift; path = PrinterManager.swift; sourceTree = "<group>"; };
		AEE4BE7C24AABF0E0030BE06 /* PrinterProfile.swift */ = {isa = PBXFileReference; lastKnownFileType = sourcecode.swift; path = PrinterProfile.swift; sourceTree = "<group>"; };
		AEE4BE7F24AAC0190030BE06 /* Connection.swift */ = {isa = PBXFileReference; lastKnownFileType = sourcecode.swift; path = Connection.swift; sourceTree = "<group>"; };
		AEEF22CF24A9853A0041BA36 /* ConnectionView.swift */ = {isa = PBXFileReference; lastKnownFileType = sourcecode.swift; path = ConnectionView.swift; sourceTree = "<group>"; };
/* End PBXFileReference section */

/* Begin PBXFrameworksBuildPhase section */
		AEC20DFE24AD274C00BAC4CD /* Frameworks */ = {
			isa = PBXFrameworksBuildPhase;
			buildActionMask = 2147483647;
			files = (
			);
			runOnlyForDeploymentPostprocessing = 0;
		};
		AECE5CB624A6CC730032B366 /* Frameworks */ = {
			isa = PBXFrameworksBuildPhase;
			buildActionMask = 2147483647;
			files = (
			);
			runOnlyForDeploymentPostprocessing = 0;
		};
		AECE5CBE24A6CC730032B366 /* Frameworks */ = {
			isa = PBXFrameworksBuildPhase;
			buildActionMask = 2147483647;
			files = (
			);
			runOnlyForDeploymentPostprocessing = 0;
		};
/* End PBXFrameworksBuildPhase section */

/* Begin PBXGroup section */
		AEC20E0224AD274C00BAC4CD /* SquidPrintTests */ = {
			isa = PBXGroup;
			children = (
				AEC20E2224AD397100BAC4CD /* Mocks */,
				AEC20E2024AD317500BAC4CD /* Model */,
				AEC20E0524AD274C00BAC4CD /* Info.plist */,
				AEC20E2B24AD496400BAC4CD /* Helpers.swift */,
			);
			path = SquidPrintTests;
			sourceTree = "<group>";
		};
		AEC20E0B24AD28BE00BAC4CD /* Extensions */ = {
			isa = PBXGroup;
			children = (
				AEC20E0C24AD28DE00BAC4CD /* URL+StaticString.swift */,
				AEC20E2724AD3E5800BAC4CD /* URLSession+NetworkSession.swift */,
			);
			path = Extensions;
			sourceTree = "<group>";
		};
		AEC20E1424AD2C3500BAC4CD /* Network */ = {
			isa = PBXGroup;
			children = (
				AEE4BE7F24AAC0190030BE06 /* Connection.swift */,
				AEC20E1524AD2C4500BAC4CD /* NetworkManager.swift */,
			);
			path = Network;
			sourceTree = "<group>";
		};
		AEC20E2024AD317500BAC4CD /* Model */ = {
			isa = PBXGroup;
			children = (
				AEC20E2124AD318900BAC4CD /* Network */,
			);
			path = Model;
			sourceTree = "<group>";
		};
		AEC20E2124AD318900BAC4CD /* Network */ = {
			isa = PBXGroup;
			children = (
				AEC20E0324AD274C00BAC4CD /* NetworkManagerTests.swift */,
			);
			path = Network;
			sourceTree = "<group>";
		};
		AEC20E2224AD397100BAC4CD /* Mocks */ = {
			isa = PBXGroup;
			children = (
			);
			path = Mocks;
			sourceTree = "<group>";
		};
		AECE5CAC24A6CC710032B366 = {
			isa = PBXGroup;
			children = (
				AECE5CB124A6CC720032B366 /* Shared */,
				AECE5CBB24A6CC730032B366 /* iOS */,
				AECE5CC224A6CC730032B366 /* macOS */,
				AEC20E0224AD274C00BAC4CD /* SquidPrintTests */,
				AECE5CBA24A6CC730032B366 /* Products */,
			);
			sourceTree = "<group>";
		};
		AECE5CB124A6CC720032B366 /* Shared */ = {
			isa = PBXGroup;
			children = (
				AEC20E0B24AD28BE00BAC4CD /* Extensions */,
				AEE4BE7824AABB090030BE06 /* Model */,
				AECE5CB224A6CC720032B366 /* SquidPrintApp.swift */,
				AECE5CB324A6CC720032B366 /* ContentView.swift */,
				AEEF22CF24A9853A0041BA36 /* ConnectionView.swift */,
				AECE5CB424A6CC730032B366 /* Assets.xcassets */,
				AEC20E1024AD294600BAC4CD /* Constants.swift */,
			);
			path = Shared;
			sourceTree = "<group>";
		};
		AECE5CBA24A6CC730032B366 /* Products */ = {
			isa = PBXGroup;
			children = (
				AECE5CB924A6CC730032B366 /* SquidPrint.app */,
				AECE5CC124A6CC730032B366 /* SquidPrint.app */,
				AEC20E0124AD274C00BAC4CD /* SquidPrintTests.xctest */,
			);
			name = Products;
			sourceTree = "<group>";
		};
		AECE5CBB24A6CC730032B366 /* iOS */ = {
			isa = PBXGroup;
			children = (
				AECE5CBC24A6CC730032B366 /* Info.plist */,
			);
			path = iOS;
			sourceTree = "<group>";
		};
		AECE5CC224A6CC730032B366 /* macOS */ = {
			isa = PBXGroup;
			children = (
				AECE5CC324A6CC730032B366 /* Info.plist */,
				AECE5CC424A6CC730032B366 /* macOS.entitlements */,
			);
			path = macOS;
			sourceTree = "<group>";
		};
		AEE4BE7824AABB090030BE06 /* Model */ = {
			isa = PBXGroup;
			children = (
				AEC20E1424AD2C3500BAC4CD /* Network */,
				AEE4BE7924AABBB40030BE06 /* PrinterManager.swift */,
				AEE4BE7C24AABF0E0030BE06 /* PrinterProfile.swift */,
			);
			path = Model;
			sourceTree = "<group>";
		};
/* End PBXGroup section */

/* Begin PBXNativeTarget section */
		AEC20E0024AD274C00BAC4CD /* SquidPrintTests */ = {
			isa = PBXNativeTarget;
			buildConfigurationList = AEC20E0A24AD274C00BAC4CD /* Build configuration list for PBXNativeTarget "SquidPrintTests" */;
			buildPhases = (
				AEC20DFD24AD274C00BAC4CD /* Sources */,
				AEC20DFE24AD274C00BAC4CD /* Frameworks */,
				AEC20DFF24AD274C00BAC4CD /* Resources */,
			);
			buildRules = (
			);
			dependencies = (
				AEC20E0724AD274C00BAC4CD /* PBXTargetDependency */,
			);
			name = SquidPrintTests;
			productName = SquidPrintTests;
			productReference = AEC20E0124AD274C00BAC4CD /* SquidPrintTests.xctest */;
			productType = "com.apple.product-type.bundle.unit-test";
		};
		AECE5CB824A6CC730032B366 /* iOS */ = {
			isa = PBXNativeTarget;
			buildConfigurationList = AECE5CCD24A6CC730032B366 /* Build configuration list for PBXNativeTarget "iOS" */;
			buildPhases = (
				AECE5CB524A6CC730032B366 /* Sources */,
				AECE5CB624A6CC730032B366 /* Frameworks */,
				AECE5CB724A6CC730032B366 /* Resources */,
			);
			buildRules = (
			);
			dependencies = (
			);
			name = iOS;
			productName = iOS;
			productReference = AECE5CB924A6CC730032B366 /* SquidPrint.app */;
			productType = "com.apple.product-type.application";
		};
		AECE5CC024A6CC730032B366 /* macOS */ = {
			isa = PBXNativeTarget;
			buildConfigurationList = AECE5CD024A6CC730032B366 /* Build configuration list for PBXNativeTarget "macOS" */;
			buildPhases = (
				AECE5CBD24A6CC730032B366 /* Sources */,
				AECE5CBE24A6CC730032B366 /* Frameworks */,
				AECE5CBF24A6CC730032B366 /* Resources */,
			);
			buildRules = (
			);
			dependencies = (
			);
			name = macOS;
			productName = macOS;
			productReference = AECE5CC124A6CC730032B366 /* SquidPrint.app */;
			productType = "com.apple.product-type.application";
		};
/* End PBXNativeTarget section */

/* Begin PBXProject section */
		AECE5CAD24A6CC710032B366 /* Project object */ = {
			isa = PBXProject;
			attributes = {
				LastSwiftUpdateCheck = 1200;
				LastUpgradeCheck = 1200;
				TargetAttributes = {
					AEC20E0024AD274C00BAC4CD = {
						CreatedOnToolsVersion = 12.0;
						TestTargetID = AECE5CB824A6CC730032B366;
					};
					AECE5CB824A6CC730032B366 = {
						CreatedOnToolsVersion = 12.0;
					};
					AECE5CC024A6CC730032B366 = {
						CreatedOnToolsVersion = 12.0;
					};
				};
			};
			buildConfigurationList = AECE5CB024A6CC710032B366 /* Build configuration list for PBXProject "SquidPrint" */;
			compatibilityVersion = "Xcode 9.3";
			developmentRegion = en;
			hasScannedForEncodings = 0;
			knownRegions = (
				en,
				Base,
			);
			mainGroup = AECE5CAC24A6CC710032B366;
			productRefGroup = AECE5CBA24A6CC730032B366 /* Products */;
			projectDirPath = "";
			projectRoot = "";
			targets = (
				AECE5CB824A6CC730032B366 /* iOS */,
				AECE5CC024A6CC730032B366 /* macOS */,
				AEC20E0024AD274C00BAC4CD /* SquidPrintTests */,
			);
		};
/* End PBXProject section */

/* Begin PBXResourcesBuildPhase section */
		AEC20DFF24AD274C00BAC4CD /* Resources */ = {
			isa = PBXResourcesBuildPhase;
			buildActionMask = 2147483647;
			files = (
			);
			runOnlyForDeploymentPostprocessing = 0;
		};
		AECE5CB724A6CC730032B366 /* Resources */ = {
			isa = PBXResourcesBuildPhase;
			buildActionMask = 2147483647;
			files = (
				AECE5CC924A6CC730032B366 /* Assets.xcassets in Resources */,
			);
			runOnlyForDeploymentPostprocessing = 0;
		};
		AECE5CBF24A6CC730032B366 /* Resources */ = {
			isa = PBXResourcesBuildPhase;
			buildActionMask = 2147483647;
			files = (
				AECE5CCA24A6CC730032B366 /* Assets.xcassets in Resources */,
			);
			runOnlyForDeploymentPostprocessing = 0;
		};
/* End PBXResourcesBuildPhase section */

/* Begin PBXSourcesBuildPhase section */
		AEC20DFD24AD274C00BAC4CD /* Sources */ = {
			isa = PBXSourcesBuildPhase;
			buildActionMask = 2147483647;
			files = (
				AEC20E0F24AD28DE00BAC4CD /* URL+StaticString.swift in Sources */,
				AEC20E1B24AD2D5700BAC4CD /* SquidPrintApp.swift in Sources */,
				AEC20E2A24AD3E5800BAC4CD /* URLSession+NetworkSession.swift in Sources */,
				AEC20E1C24AD2D5700BAC4CD /* ConnectionView.swift in Sources */,
				AEC20E0424AD274C00BAC4CD /* NetworkManagerTests.swift in Sources */,
				AEC20E1924AD2D4300BAC4CD /* Connection.swift in Sources */,
				AEC20E1D24AD2D5700BAC4CD /* ContentView.swift in Sources */,
				AEC20E2C24AD496400BAC4CD /* Helpers.swift in Sources */,
				AEC20E1E24AD2D5700BAC4CD /* PrinterProfile.swift in Sources */,
				AEC20E1824AD2C4500BAC4CD /* NetworkManager.swift in Sources */,
				AEC20E1324AD294600BAC4CD /* Constants.swift in Sources */,
				AEC20E1A24AD2D4800BAC4CD /* PrinterManager.swift in Sources */,
			);
			runOnlyForDeploymentPostprocessing = 0;
		};
		AECE5CB524A6CC730032B366 /* Sources */ = {
			isa = PBXSourcesBuildPhase;
			buildActionMask = 2147483647;
			files = (
				AEE4BE7A24AABBB40030BE06 /* PrinterManager.swift in Sources */,
				AEC20E2824AD3E5800BAC4CD /* URLSession+NetworkSession.swift in Sources */,
				AEC20E1624AD2C4500BAC4CD /* NetworkManager.swift in Sources */,
				AEE4BE8024AAC0190030BE06 /* Connection.swift in Sources */,
				AEC20E0D24AD28DE00BAC4CD /* URL+StaticString.swift in Sources */,
				AEE4BE7D24AABF0E0030BE06 /* PrinterProfile.swift in Sources */,
				AECE5CC724A6CC730032B366 /* ContentView.swift in Sources */,
				AEEF22D024A9853A0041BA36 /* ConnectionView.swift in Sources */,
				AECE5CC524A6CC730032B366 /* SquidPrintApp.swift in Sources */,
				AEC20E1124AD294600BAC4CD /* Constants.swift in Sources */,
			);
			runOnlyForDeploymentPostprocessing = 0;
		};
		AECE5CBD24A6CC730032B366 /* Sources */ = {
			isa = PBXSourcesBuildPhase;
			buildActionMask = 2147483647;
			files = (
				AEE4BE7B24AABBB40030BE06 /* PrinterManager.swift in Sources */,
				AEC20E2924AD3E5800BAC4CD /* URLSession+NetworkSession.swift in Sources */,
				AEC20E1724AD2C4500BAC4CD /* NetworkManager.swift in Sources */,
				AEE4BE8124AAC0190030BE06 /* Connection.swift in Sources */,
				AEC20E0E24AD28DE00BAC4CD /* URL+StaticString.swift in Sources */,
				AEE4BE7E24AABF0E0030BE06 /* PrinterProfile.swift in Sources */,
				AECE5CC824A6CC730032B366 /* ContentView.swift in Sources */,
				AEEF22D124A9853A0041BA36 /* ConnectionView.swift in Sources */,
				AECE5CC624A6CC730032B366 /* SquidPrintApp.swift in Sources */,
				AEC20E1224AD294600BAC4CD /* Constants.swift in Sources */,
			);
			runOnlyForDeploymentPostprocessing = 0;
		};
/* End PBXSourcesBuildPhase section */

/* Begin PBXTargetDependency section */
		AEC20E0724AD274C00BAC4CD /* PBXTargetDependency */ = {
			isa = PBXTargetDependency;
			target = AECE5CB824A6CC730032B366 /* iOS */;
			targetProxy = AEC20E0624AD274C00BAC4CD /* PBXContainerItemProxy */;
		};
/* End PBXTargetDependency section */

/* Begin XCBuildConfiguration section */
		AEC20E0824AD274C00BAC4CD /* Debug */ = {
			isa = XCBuildConfiguration;
			buildSettings = {
				BUNDLE_LOADER = "$(TEST_HOST)";
				CODE_SIGN_STYLE = Automatic;
				DEVELOPMENT_TEAM = P4PBGN25JV;
				INFOPLIST_FILE = SquidPrintTests/Info.plist;
				IPHONEOS_DEPLOYMENT_TARGET = 14.0;
				LD_RUNPATH_SEARCH_PATHS = (
					"$(inherited)",
					"@executable_path/Frameworks",
					"@loader_path/Frameworks",
				);
				PRODUCT_BUNDLE_IDENTIFIER = us.duncanmacdonald.SquidPrintTests;
				PRODUCT_NAME = "$(TARGET_NAME)";
				SDKROOT = iphoneos;
				SWIFT_VERSION = 5.0;
				TARGETED_DEVICE_FAMILY = "1,2";
				TEST_HOST = "$(BUILT_PRODUCTS_DIR)/SquidPrint.app/SquidPrint";
			};
			name = Debug;
		};
		AEC20E0924AD274C00BAC4CD /* Release */ = {
			isa = XCBuildConfiguration;
			buildSettings = {
				BUNDLE_LOADER = "$(TEST_HOST)";
				CODE_SIGN_STYLE = Automatic;
				DEVELOPMENT_TEAM = P4PBGN25JV;
				INFOPLIST_FILE = SquidPrintTests/Info.plist;
				IPHONEOS_DEPLOYMENT_TARGET = 14.0;
				LD_RUNPATH_SEARCH_PATHS = (
					"$(inherited)",
					"@executable_path/Frameworks",
					"@loader_path/Frameworks",
				);
				PRODUCT_BUNDLE_IDENTIFIER = us.duncanmacdonald.SquidPrintTests;
				PRODUCT_NAME = "$(TARGET_NAME)";
				SDKROOT = iphoneos;
				SWIFT_VERSION = 5.0;
				TARGETED_DEVICE_FAMILY = "1,2";
				TEST_HOST = "$(BUILT_PRODUCTS_DIR)/SquidPrint.app/SquidPrint";
				VALIDATE_PRODUCT = YES;
			};
			name = Release;
		};
		AECE5CCB24A6CC730032B366 /* Debug */ = {
			isa = XCBuildConfiguration;
			buildSettings = {
				ALWAYS_SEARCH_USER_PATHS = NO;
				CLANG_ANALYZER_NONNULL = YES;
				CLANG_ANALYZER_NUMBER_OBJECT_CONVERSION = YES_AGGRESSIVE;
				CLANG_CXX_LANGUAGE_STANDARD = "gnu++14";
				CLANG_CXX_LIBRARY = "libc++";
				CLANG_ENABLE_MODULES = YES;
				CLANG_ENABLE_OBJC_ARC = YES;
				CLANG_ENABLE_OBJC_WEAK = YES;
				CLANG_WARN_BLOCK_CAPTURE_AUTORELEASING = YES;
				CLANG_WARN_BOOL_CONVERSION = YES;
				CLANG_WARN_COMMA = YES;
				CLANG_WARN_CONSTANT_CONVERSION = YES;
				CLANG_WARN_DEPRECATED_OBJC_IMPLEMENTATIONS = YES;
				CLANG_WARN_DIRECT_OBJC_ISA_USAGE = YES_ERROR;
				CLANG_WARN_DOCUMENTATION_COMMENTS = YES;
				CLANG_WARN_EMPTY_BODY = YES;
				CLANG_WARN_ENUM_CONVERSION = YES;
				CLANG_WARN_INFINITE_RECURSION = YES;
				CLANG_WARN_INT_CONVERSION = YES;
				CLANG_WARN_NON_LITERAL_NULL_CONVERSION = YES;
				CLANG_WARN_OBJC_IMPLICIT_RETAIN_SELF = YES;
				CLANG_WARN_OBJC_LITERAL_CONVERSION = YES;
				CLANG_WARN_OBJC_ROOT_CLASS = YES_ERROR;
				CLANG_WARN_QUOTED_INCLUDE_IN_FRAMEWORK_HEADER = YES;
				CLANG_WARN_RANGE_LOOP_ANALYSIS = YES;
				CLANG_WARN_STRICT_PROTOTYPES = YES;
				CLANG_WARN_SUSPICIOUS_MOVE = YES;
				CLANG_WARN_UNGUARDED_AVAILABILITY = YES_AGGRESSIVE;
				CLANG_WARN_UNREACHABLE_CODE = YES;
				CLANG_WARN__DUPLICATE_METHOD_MATCH = YES;
				COPY_PHASE_STRIP = NO;
				DEBUG_INFORMATION_FORMAT = dwarf;
				ENABLE_STRICT_OBJC_MSGSEND = YES;
				ENABLE_TESTABILITY = YES;
				GCC_C_LANGUAGE_STANDARD = gnu11;
				GCC_DYNAMIC_NO_PIC = NO;
				GCC_NO_COMMON_BLOCKS = YES;
				GCC_OPTIMIZATION_LEVEL = 0;
				GCC_PREPROCESSOR_DEFINITIONS = (
					"DEBUG=1",
					"$(inherited)",
				);
				GCC_WARN_64_TO_32_BIT_CONVERSION = YES;
				GCC_WARN_ABOUT_RETURN_TYPE = YES_ERROR;
				GCC_WARN_UNDECLARED_SELECTOR = YES;
				GCC_WARN_UNINITIALIZED_AUTOS = YES_AGGRESSIVE;
				GCC_WARN_UNUSED_FUNCTION = YES;
				GCC_WARN_UNUSED_VARIABLE = YES;
				MTL_ENABLE_DEBUG_INFO = INCLUDE_SOURCE;
				MTL_FAST_MATH = YES;
				ONLY_ACTIVE_ARCH = YES;
				SWIFT_ACTIVE_COMPILATION_CONDITIONS = DEBUG;
				SWIFT_OPTIMIZATION_LEVEL = "-Onone";
			};
			name = Debug;
		};
		AECE5CCC24A6CC730032B366 /* Release */ = {
			isa = XCBuildConfiguration;
			buildSettings = {
				ALWAYS_SEARCH_USER_PATHS = NO;
				CLANG_ANALYZER_NONNULL = YES;
				CLANG_ANALYZER_NUMBER_OBJECT_CONVERSION = YES_AGGRESSIVE;
				CLANG_CXX_LANGUAGE_STANDARD = "gnu++14";
				CLANG_CXX_LIBRARY = "libc++";
				CLANG_ENABLE_MODULES = YES;
				CLANG_ENABLE_OBJC_ARC = YES;
				CLANG_ENABLE_OBJC_WEAK = YES;
				CLANG_WARN_BLOCK_CAPTURE_AUTORELEASING = YES;
				CLANG_WARN_BOOL_CONVERSION = YES;
				CLANG_WARN_COMMA = YES;
				CLANG_WARN_CONSTANT_CONVERSION = YES;
				CLANG_WARN_DEPRECATED_OBJC_IMPLEMENTATIONS = YES;
				CLANG_WARN_DIRECT_OBJC_ISA_USAGE = YES_ERROR;
				CLANG_WARN_DOCUMENTATION_COMMENTS = YES;
				CLANG_WARN_EMPTY_BODY = YES;
				CLANG_WARN_ENUM_CONVERSION = YES;
				CLANG_WARN_INFINITE_RECURSION = YES;
				CLANG_WARN_INT_CONVERSION = YES;
				CLANG_WARN_NON_LITERAL_NULL_CONVERSION = YES;
				CLANG_WARN_OBJC_IMPLICIT_RETAIN_SELF = YES;
				CLANG_WARN_OBJC_LITERAL_CONVERSION = YES;
				CLANG_WARN_OBJC_ROOT_CLASS = YES_ERROR;
				CLANG_WARN_QUOTED_INCLUDE_IN_FRAMEWORK_HEADER = YES;
				CLANG_WARN_RANGE_LOOP_ANALYSIS = YES;
				CLANG_WARN_STRICT_PROTOTYPES = YES;
				CLANG_WARN_SUSPICIOUS_MOVE = YES;
				CLANG_WARN_UNGUARDED_AVAILABILITY = YES_AGGRESSIVE;
				CLANG_WARN_UNREACHABLE_CODE = YES;
				CLANG_WARN__DUPLICATE_METHOD_MATCH = YES;
				COPY_PHASE_STRIP = NO;
				DEBUG_INFORMATION_FORMAT = "dwarf-with-dsym";
				ENABLE_NS_ASSERTIONS = NO;
				ENABLE_STRICT_OBJC_MSGSEND = YES;
				GCC_C_LANGUAGE_STANDARD = gnu11;
				GCC_NO_COMMON_BLOCKS = YES;
				GCC_WARN_64_TO_32_BIT_CONVERSION = YES;
				GCC_WARN_ABOUT_RETURN_TYPE = YES_ERROR;
				GCC_WARN_UNDECLARED_SELECTOR = YES;
				GCC_WARN_UNINITIALIZED_AUTOS = YES_AGGRESSIVE;
				GCC_WARN_UNUSED_FUNCTION = YES;
				GCC_WARN_UNUSED_VARIABLE = YES;
				MTL_ENABLE_DEBUG_INFO = NO;
				MTL_FAST_MATH = YES;
				SWIFT_COMPILATION_MODE = wholemodule;
				SWIFT_OPTIMIZATION_LEVEL = "-O";
			};
			name = Release;
		};
		AECE5CCE24A6CC730032B366 /* Debug */ = {
			isa = XCBuildConfiguration;
			buildSettings = {
				ASSETCATALOG_COMPILER_APPICON_NAME = AppIcon;
				ASSETCATALOG_COMPILER_GLOBAL_ACCENT_COLOR_NAME = AccentColor;
				CODE_SIGN_STYLE = Automatic;
				DEVELOPMENT_TEAM = P4PBGN25JV;
				ENABLE_PREVIEWS = YES;
				INFOPLIST_FILE = iOS/Info.plist;
				IPHONEOS_DEPLOYMENT_TARGET = 14.0;
				LD_RUNPATH_SEARCH_PATHS = (
					"$(inherited)",
					"@executable_path/Frameworks",
				);
				PRODUCT_BUNDLE_IDENTIFIER = us.duncanmacdonald.SquidPrint;
				PRODUCT_NAME = SquidPrint;
				SDKROOT = iphoneos;
				SWIFT_VERSION = 5.0;
				TARGETED_DEVICE_FAMILY = "1,2";
			};
			name = Debug;
		};
		AECE5CCF24A6CC730032B366 /* Release */ = {
			isa = XCBuildConfiguration;
			buildSettings = {
				ASSETCATALOG_COMPILER_APPICON_NAME = AppIcon;
				ASSETCATALOG_COMPILER_GLOBAL_ACCENT_COLOR_NAME = AccentColor;
				CODE_SIGN_STYLE = Automatic;
				DEVELOPMENT_TEAM = P4PBGN25JV;
				ENABLE_PREVIEWS = YES;
				INFOPLIST_FILE = iOS/Info.plist;
				IPHONEOS_DEPLOYMENT_TARGET = 14.0;
				LD_RUNPATH_SEARCH_PATHS = (
					"$(inherited)",
					"@executable_path/Frameworks",
				);
				PRODUCT_BUNDLE_IDENTIFIER = us.duncanmacdonald.SquidPrint;
				PRODUCT_NAME = SquidPrint;
				SDKROOT = iphoneos;
				SWIFT_VERSION = 5.0;
				TARGETED_DEVICE_FAMILY = "1,2";
				VALIDATE_PRODUCT = YES;
			};
			name = Release;
		};
		AECE5CD124A6CC730032B366 /* Debug */ = {
			isa = XCBuildConfiguration;
			buildSettings = {
				ASSETCATALOG_COMPILER_APPICON_NAME = AppIcon;
				ASSETCATALOG_COMPILER_GLOBAL_ACCENT_COLOR_NAME = AccentColor;
				CODE_SIGN_ENTITLEMENTS = macOS/macOS.entitlements;
				CODE_SIGN_STYLE = Automatic;
				COMBINE_HIDPI_IMAGES = YES;
				DEVELOPMENT_TEAM = P4PBGN25JV;
				ENABLE_HARDENED_RUNTIME = YES;
				ENABLE_PREVIEWS = YES;
				INFOPLIST_FILE = macOS/Info.plist;
				LD_RUNPATH_SEARCH_PATHS = (
					"$(inherited)",
					"@executable_path/../Frameworks",
				);
				MACOSX_DEPLOYMENT_TARGET = 10.16;
				PRODUCT_BUNDLE_IDENTIFIER = us.duncanmacdonald.SquidPrint;
				PRODUCT_NAME = SquidPrint;
				SDKROOT = macosx;
				SWIFT_VERSION = 5.0;
			};
			name = Debug;
		};
		AECE5CD224A6CC730032B366 /* Release */ = {
			isa = XCBuildConfiguration;
			buildSettings = {
				ASSETCATALOG_COMPILER_APPICON_NAME = AppIcon;
				ASSETCATALOG_COMPILER_GLOBAL_ACCENT_COLOR_NAME = AccentColor;
				CODE_SIGN_ENTITLEMENTS = macOS/macOS.entitlements;
				CODE_SIGN_STYLE = Automatic;
				COMBINE_HIDPI_IMAGES = YES;
				DEVELOPMENT_TEAM = P4PBGN25JV;
				ENABLE_HARDENED_RUNTIME = YES;
				ENABLE_PREVIEWS = YES;
				INFOPLIST_FILE = macOS/Info.plist;
				LD_RUNPATH_SEARCH_PATHS = (
					"$(inherited)",
					"@executable_path/../Frameworks",
				);
				MACOSX_DEPLOYMENT_TARGET = 10.16;
				PRODUCT_BUNDLE_IDENTIFIER = us.duncanmacdonald.SquidPrint;
				PRODUCT_NAME = SquidPrint;
				SDKROOT = macosx;
				SWIFT_VERSION = 5.0;
			};
			name = Release;
		};
/* End XCBuildConfiguration section */

/* Begin XCConfigurationList section */
		AEC20E0A24AD274C00BAC4CD /* Build configuration list for PBXNativeTarget "SquidPrintTests" */ = {
			isa = XCConfigurationList;
			buildConfigurations = (
				AEC20E0824AD274C00BAC4CD /* Debug */,
				AEC20E0924AD274C00BAC4CD /* Release */,
			);
			defaultConfigurationIsVisible = 0;
			defaultConfigurationName = Release;
		};
		AECE5CB024A6CC710032B366 /* Build configuration list for PBXProject "SquidPrint" */ = {
			isa = XCConfigurationList;
			buildConfigurations = (
				AECE5CCB24A6CC730032B366 /* Debug */,
				AECE5CCC24A6CC730032B366 /* Release */,
			);
			defaultConfigurationIsVisible = 0;
			defaultConfigurationName = Release;
		};
		AECE5CCD24A6CC730032B366 /* Build configuration list for PBXNativeTarget "iOS" */ = {
			isa = XCConfigurationList;
			buildConfigurations = (
				AECE5CCE24A6CC730032B366 /* Debug */,
				AECE5CCF24A6CC730032B366 /* Release */,
			);
			defaultConfigurationIsVisible = 0;
			defaultConfigurationName = Release;
		};
		AECE5CD024A6CC730032B366 /* Build configuration list for PBXNativeTarget "macOS" */ = {
			isa = XCConfigurationList;
			buildConfigurations = (
				AECE5CD124A6CC730032B366 /* Debug */,
				AECE5CD224A6CC730032B366 /* Release */,
			);
			defaultConfigurationIsVisible = 0;
			defaultConfigurationName = Release;
		};
/* End XCConfigurationList section */
	};
	rootObject = AECE5CAD24A6CC710032B366 /* Project object */;
}
