// !$*UTF8*$!
{
	archiveVersion = 1;
	classes = {
	};
	objectVersion = 52;
	objects = {

/* Begin PBXBuildFile section */
		AE02D9E924C3C5200050E993 /* HomePage.swift in Sources */ = {isa = PBXBuildFile; fileRef = AE02D9E824C3C5200050E993 /* HomePage.swift */; };
		AE02D9EA24C3C5200050E993 /* HomePage.swift in Sources */ = {isa = PBXBuildFile; fileRef = AE02D9E824C3C5200050E993 /* HomePage.swift */; };
		AE02D9EB24C3C5200050E993 /* HomePage.swift in Sources */ = {isa = PBXBuildFile; fileRef = AE02D9E824C3C5200050E993 /* HomePage.swift */; };
		AE02D9EE24C3E0AF0050E993 /* CodeScanner in Frameworks */ = {isa = PBXBuildFile; productRef = AE02D9ED24C3E0AF0050E993 /* CodeScanner */; };
		AE03023624C506F500E229D3 /* DesignConnectionDataSources.swift in Sources */ = {isa = PBXBuildFile; fileRef = AE03023524C506F500E229D3 /* DesignConnectionDataSources.swift */; };
		AE03023724C506F500E229D3 /* DesignConnectionDataSources.swift in Sources */ = {isa = PBXBuildFile; fileRef = AE03023524C506F500E229D3 /* DesignConnectionDataSources.swift */; };
		AE064FE724BA6EEC00F0F910 /* PageHost.swift in Sources */ = {isa = PBXBuildFile; fileRef = AE064FE624BA6EEC00F0F910 /* PageHost.swift */; };
		AE064FE824BA6EEC00F0F910 /* PageHost.swift in Sources */ = {isa = PBXBuildFile; fileRef = AE064FE624BA6EEC00F0F910 /* PageHost.swift */; };
		AE064FE924BA6EEC00F0F910 /* PageHost.swift in Sources */ = {isa = PBXBuildFile; fileRef = AE064FE624BA6EEC00F0F910 /* PageHost.swift */; };
		AE206E3E24B41BC300F06AA6 /* ConnectionController.swift in Sources */ = {isa = PBXBuildFile; fileRef = AE206E3D24B41BC300F06AA6 /* ConnectionController.swift */; };
		AE206E3F24B41BC300F06AA6 /* ConnectionController.swift in Sources */ = {isa = PBXBuildFile; fileRef = AE206E3D24B41BC300F06AA6 /* ConnectionController.swift */; };
		AE206E4024B41BC300F06AA6 /* ConnectionController.swift in Sources */ = {isa = PBXBuildFile; fileRef = AE206E3D24B41BC300F06AA6 /* ConnectionController.swift */; };
		AE206E4224B41E1600F06AA6 /* Printer.swift in Sources */ = {isa = PBXBuildFile; fileRef = AE206E4124B41E1600F06AA6 /* Printer.swift */; };
		AE206E4324B41E1600F06AA6 /* Printer.swift in Sources */ = {isa = PBXBuildFile; fileRef = AE206E4124B41E1600F06AA6 /* Printer.swift */; };
		AE206E4424B41E1600F06AA6 /* Printer.swift in Sources */ = {isa = PBXBuildFile; fileRef = AE206E4124B41E1600F06AA6 /* Printer.swift */; };
		AE5F4AE024BD51D10060F08F /* AddPrinterView.swift in Sources */ = {isa = PBXBuildFile; fileRef = AE5F4ADF24BD51D10060F08F /* AddPrinterView.swift */; };
		AE5F4AE124BD51D10060F08F /* AddPrinterView.swift in Sources */ = {isa = PBXBuildFile; fileRef = AE5F4ADF24BD51D10060F08F /* AddPrinterView.swift */; };
		AE5F4AE224BD51D10060F08F /* AddPrinterView.swift in Sources */ = {isa = PBXBuildFile; fileRef = AE5F4ADF24BD51D10060F08F /* AddPrinterView.swift */; };
		AE62240724BBC1CD006EBBA5 /* ServerConfiguration.swift in Sources */ = {isa = PBXBuildFile; fileRef = AE62240624BBC1CD006EBBA5 /* ServerConfiguration.swift */; };
		AE62240824BBC1CD006EBBA5 /* ServerConfiguration.swift in Sources */ = {isa = PBXBuildFile; fileRef = AE62240624BBC1CD006EBBA5 /* ServerConfiguration.swift */; };
		AE62240924BBC1CD006EBBA5 /* ServerConfiguration.swift in Sources */ = {isa = PBXBuildFile; fileRef = AE62240624BBC1CD006EBBA5 /* ServerConfiguration.swift */; };
		AE69824F24BBB8C400C828FD /* PersistedPrinter.swift in Sources */ = {isa = PBXBuildFile; fileRef = AE69824E24BBB8C400C828FD /* PersistedPrinter.swift */; };
		AE69825024BBB8C400C828FD /* PersistedPrinter.swift in Sources */ = {isa = PBXBuildFile; fileRef = AE69824E24BBB8C400C828FD /* PersistedPrinter.swift */; };
		AE69825124BBB8C400C828FD /* PersistedPrinter.swift in Sources */ = {isa = PBXBuildFile; fileRef = AE69824E24BBB8C400C828FD /* PersistedPrinter.swift */; };
		AE6A06E124B57358004E124B /* RootView.swift in Sources */ = {isa = PBXBuildFile; fileRef = AE6A06E024B57358004E124B /* RootView.swift */; };
		AE6A06E224B57358004E124B /* RootView.swift in Sources */ = {isa = PBXBuildFile; fileRef = AE6A06E024B57358004E124B /* RootView.swift */; };
		AE6A06E324B57358004E124B /* RootView.swift in Sources */ = {isa = PBXBuildFile; fileRef = AE6A06E024B57358004E124B /* RootView.swift */; };
		AEC20E0424AD274C00BAC4CD /* NetworkClientTests.swift in Sources */ = {isa = PBXBuildFile; fileRef = AEC20E0324AD274C00BAC4CD /* NetworkClientTests.swift */; };
		AEC20E0D24AD28DE00BAC4CD /* URL+StaticString.swift in Sources */ = {isa = PBXBuildFile; fileRef = AEC20E0C24AD28DE00BAC4CD /* URL+StaticString.swift */; };
		AEC20E0E24AD28DE00BAC4CD /* URL+StaticString.swift in Sources */ = {isa = PBXBuildFile; fileRef = AEC20E0C24AD28DE00BAC4CD /* URL+StaticString.swift */; };
		AEC20E0F24AD28DE00BAC4CD /* URL+StaticString.swift in Sources */ = {isa = PBXBuildFile; fileRef = AEC20E0C24AD28DE00BAC4CD /* URL+StaticString.swift */; };
		AEC20E1124AD294600BAC4CD /* Constants.swift in Sources */ = {isa = PBXBuildFile; fileRef = AEC20E1024AD294600BAC4CD /* Constants.swift */; };
		AEC20E1224AD294600BAC4CD /* Constants.swift in Sources */ = {isa = PBXBuildFile; fileRef = AEC20E1024AD294600BAC4CD /* Constants.swift */; };
		AEC20E1324AD294600BAC4CD /* Constants.swift in Sources */ = {isa = PBXBuildFile; fileRef = AEC20E1024AD294600BAC4CD /* Constants.swift */; };
		AEC20E1624AD2C4500BAC4CD /* NetworkClient.swift in Sources */ = {isa = PBXBuildFile; fileRef = AEC20E1524AD2C4500BAC4CD /* NetworkClient.swift */; };
		AEC20E1724AD2C4500BAC4CD /* NetworkClient.swift in Sources */ = {isa = PBXBuildFile; fileRef = AEC20E1524AD2C4500BAC4CD /* NetworkClient.swift */; };
		AEC20E1824AD2C4500BAC4CD /* NetworkClient.swift in Sources */ = {isa = PBXBuildFile; fileRef = AEC20E1524AD2C4500BAC4CD /* NetworkClient.swift */; };
		AEC20E1924AD2D4300BAC4CD /* Connection.swift in Sources */ = {isa = PBXBuildFile; fileRef = AEE4BE7F24AAC0190030BE06 /* Connection.swift */; };
		AEC20E1B24AD2D5700BAC4CD /* SquidPrintApp.swift in Sources */ = {isa = PBXBuildFile; fileRef = AECE5CB224A6CC720032B366 /* SquidPrintApp.swift */; };
		AEC20E1C24AD2D5700BAC4CD /* ConnectionPage.swift in Sources */ = {isa = PBXBuildFile; fileRef = AEEF22CF24A9853A0041BA36 /* ConnectionPage.swift */; };
		AEC20E1D24AD2D5700BAC4CD /* PrinterSidebar.swift in Sources */ = {isa = PBXBuildFile; fileRef = AECE5CB324A6CC720032B366 /* PrinterSidebar.swift */; };
		AEC20E2824AD3E5800BAC4CD /* URLSession+NetworkSession.swift in Sources */ = {isa = PBXBuildFile; fileRef = AEC20E2724AD3E5800BAC4CD /* URLSession+NetworkSession.swift */; };
		AEC20E2924AD3E5800BAC4CD /* URLSession+NetworkSession.swift in Sources */ = {isa = PBXBuildFile; fileRef = AEC20E2724AD3E5800BAC4CD /* URLSession+NetworkSession.swift */; };
		AEC20E2A24AD3E5800BAC4CD /* URLSession+NetworkSession.swift in Sources */ = {isa = PBXBuildFile; fileRef = AEC20E2724AD3E5800BAC4CD /* URLSession+NetworkSession.swift */; };
		AEC20E2C24AD496400BAC4CD /* Helpers.swift in Sources */ = {isa = PBXBuildFile; fileRef = AEC20E2B24AD496400BAC4CD /* Helpers.swift */; };
		AEC20E3024B3FE4B00BAC4CD /* LandingPage.swift in Sources */ = {isa = PBXBuildFile; fileRef = AEC20E2F24B3FE4B00BAC4CD /* LandingPage.swift */; };
		AEC20E3124B3FE4B00BAC4CD /* LandingPage.swift in Sources */ = {isa = PBXBuildFile; fileRef = AEC20E2F24B3FE4B00BAC4CD /* LandingPage.swift */; };
		AEC20E3224B3FE4B00BAC4CD /* LandingPage.swift in Sources */ = {isa = PBXBuildFile; fileRef = AEC20E2F24B3FE4B00BAC4CD /* LandingPage.swift */; };
		AECE5CC524A6CC730032B366 /* SquidPrintApp.swift in Sources */ = {isa = PBXBuildFile; fileRef = AECE5CB224A6CC720032B366 /* SquidPrintApp.swift */; };
		AECE5CC624A6CC730032B366 /* SquidPrintApp.swift in Sources */ = {isa = PBXBuildFile; fileRef = AECE5CB224A6CC720032B366 /* SquidPrintApp.swift */; };
		AECE5CC724A6CC730032B366 /* PrinterSidebar.swift in Sources */ = {isa = PBXBuildFile; fileRef = AECE5CB324A6CC720032B366 /* PrinterSidebar.swift */; };
		AECE5CC824A6CC730032B366 /* PrinterSidebar.swift in Sources */ = {isa = PBXBuildFile; fileRef = AECE5CB324A6CC720032B366 /* PrinterSidebar.swift */; };
		AECE5CC924A6CC730032B366 /* Assets.xcassets in Resources */ = {isa = PBXBuildFile; fileRef = AECE5CB424A6CC730032B366 /* Assets.xcassets */; };
		AECE5CCA24A6CC730032B366 /* Assets.xcassets in Resources */ = {isa = PBXBuildFile; fileRef = AECE5CB424A6CC730032B366 /* Assets.xcassets */; };
		AEE4BE8024AAC0190030BE06 /* Connection.swift in Sources */ = {isa = PBXBuildFile; fileRef = AEE4BE7F24AAC0190030BE06 /* Connection.swift */; };
		AEE4BE8124AAC0190030BE06 /* Connection.swift in Sources */ = {isa = PBXBuildFile; fileRef = AEE4BE7F24AAC0190030BE06 /* Connection.swift */; };
		AEEC373D24BEA2430014A123 /* MockNetworkSession.swift in Sources */ = {isa = PBXBuildFile; fileRef = AEEC373C24BEA2430014A123 /* MockNetworkSession.swift */; };
		AEEC374024BEA3650014A123 /* PrinterTests.swift in Sources */ = {isa = PBXBuildFile; fileRef = AEEC373F24BEA3650014A123 /* PrinterTests.swift */; };
		AEEF22D024A9853A0041BA36 /* ConnectionPage.swift in Sources */ = {isa = PBXBuildFile; fileRef = AEEF22CF24A9853A0041BA36 /* ConnectionPage.swift */; };
		AEEF22D124A9853A0041BA36 /* ConnectionPage.swift in Sources */ = {isa = PBXBuildFile; fileRef = AEEF22CF24A9853A0041BA36 /* ConnectionPage.swift */; };
		AEFE052124BA7A4200EDC93B /* View+LandscapeiPad.swift in Sources */ = {isa = PBXBuildFile; fileRef = AEFE052024BA7A4200EDC93B /* View+LandscapeiPad.swift */; };
		AEFE052224BA7A4200EDC93B /* View+LandscapeiPad.swift in Sources */ = {isa = PBXBuildFile; fileRef = AEFE052024BA7A4200EDC93B /* View+LandscapeiPad.swift */; };
		AEFE052324BA7A4200EDC93B /* View+LandscapeiPad.swift in Sources */ = {isa = PBXBuildFile; fileRef = AEFE052024BA7A4200EDC93B /* View+LandscapeiPad.swift */; };
		AEFE052524BA8C8F00EDC93B /* PrinterStore.swift in Sources */ = {isa = PBXBuildFile; fileRef = AEFE052424BA8C8F00EDC93B /* PrinterStore.swift */; };
		AEFE052624BA8C8F00EDC93B /* PrinterStore.swift in Sources */ = {isa = PBXBuildFile; fileRef = AEFE052424BA8C8F00EDC93B /* PrinterStore.swift */; };
		AEFE052724BA8C8F00EDC93B /* PrinterStore.swift in Sources */ = {isa = PBXBuildFile; fileRef = AEFE052424BA8C8F00EDC93B /* PrinterStore.swift */; };
/* End PBXBuildFile section */

/* Begin PBXContainerItemProxy section */
		AEC20E0624AD274C00BAC4CD /* PBXContainerItemProxy */ = {
			isa = PBXContainerItemProxy;
			containerPortal = AECE5CAD24A6CC710032B366 /* Project object */;
			proxyType = 1;
			remoteGlobalIDString = AECE5CB824A6CC730032B366;
			remoteInfo = iOS;
		};
/* End PBXContainerItemProxy section */

/* Begin PBXFileReference section */
		AE02D9E824C3C5200050E993 /* HomePage.swift */ = {isa = PBXFileReference; lastKnownFileType = sourcecode.swift; path = HomePage.swift; sourceTree = "<group>"; };
		AE03023524C506F500E229D3 /* DesignConnectionDataSources.swift */ = {isa = PBXFileReference; lastKnownFileType = sourcecode.swift; path = DesignConnectionDataSources.swift; sourceTree = "<group>"; };
		AE064FE624BA6EEC00F0F910 /* PageHost.swift */ = {isa = PBXFileReference; lastKnownFileType = sourcecode.swift; path = PageHost.swift; sourceTree = "<group>"; };
		AE206E3D24B41BC300F06AA6 /* ConnectionController.swift */ = {isa = PBXFileReference; lastKnownFileType = sourcecode.swift; path = ConnectionController.swift; sourceTree = "<group>"; };
		AE206E4124B41E1600F06AA6 /* Printer.swift */ = {isa = PBXFileReference; lastKnownFileType = sourcecode.swift; path = Printer.swift; sourceTree = "<group>"; };
		AE5F4ADF24BD51D10060F08F /* AddPrinterView.swift */ = {isa = PBXFileReference; lastKnownFileType = sourcecode.swift; path = AddPrinterView.swift; sourceTree = "<group>"; };
		AE62240624BBC1CD006EBBA5 /* ServerConfiguration.swift */ = {isa = PBXFileReference; lastKnownFileType = sourcecode.swift; path = ServerConfiguration.swift; sourceTree = "<group>"; };
		AE69824E24BBB8C400C828FD /* PersistedPrinter.swift */ = {isa = PBXFileReference; lastKnownFileType = sourcecode.swift; path = PersistedPrinter.swift; sourceTree = "<group>"; };
		AE6A06E024B57358004E124B /* RootView.swift */ = {isa = PBXFileReference; lastKnownFileType = sourcecode.swift; path = RootView.swift; sourceTree = "<group>"; };
		AEC20E0124AD274C00BAC4CD /* SquidPrintTests.xctest */ = {isa = PBXFileReference; explicitFileType = wrapper.cfbundle; includeInIndex = 0; path = SquidPrintTests.xctest; sourceTree = BUILT_PRODUCTS_DIR; };
		AEC20E0324AD274C00BAC4CD /* NetworkClientTests.swift */ = {isa = PBXFileReference; lastKnownFileType = sourcecode.swift; path = NetworkClientTests.swift; sourceTree = "<group>"; };
		AEC20E0524AD274C00BAC4CD /* Info.plist */ = {isa = PBXFileReference; lastKnownFileType = text.plist.xml; path = Info.plist; sourceTree = "<group>"; };
		AEC20E0C24AD28DE00BAC4CD /* URL+StaticString.swift */ = {isa = PBXFileReference; lastKnownFileType = sourcecode.swift; path = "URL+StaticString.swift"; sourceTree = "<group>"; };
		AEC20E1024AD294600BAC4CD /* Constants.swift */ = {isa = PBXFileReference; lastKnownFileType = sourcecode.swift; path = Constants.swift; sourceTree = "<group>"; };
		AEC20E1524AD2C4500BAC4CD /* NetworkClient.swift */ = {isa = PBXFileReference; lastKnownFileType = sourcecode.swift; path = NetworkClient.swift; sourceTree = "<group>"; };
		AEC20E2724AD3E5800BAC4CD /* URLSession+NetworkSession.swift */ = {isa = PBXFileReference; lastKnownFileType = sourcecode.swift; path = "URLSession+NetworkSession.swift"; sourceTree = "<group>"; };
		AEC20E2B24AD496400BAC4CD /* Helpers.swift */ = {isa = PBXFileReference; lastKnownFileType = sourcecode.swift; path = Helpers.swift; sourceTree = "<group>"; };
		AEC20E2F24B3FE4B00BAC4CD /* LandingPage.swift */ = {isa = PBXFileReference; lastKnownFileType = sourcecode.swift; path = LandingPage.swift; sourceTree = "<group>"; };
		AECE5CB224A6CC720032B366 /* SquidPrintApp.swift */ = {isa = PBXFileReference; lastKnownFileType = sourcecode.swift; path = SquidPrintApp.swift; sourceTree = "<group>"; };
		AECE5CB324A6CC720032B366 /* PrinterSidebar.swift */ = {isa = PBXFileReference; lastKnownFileType = sourcecode.swift; path = PrinterSidebar.swift; sourceTree = "<group>"; };
		AECE5CB424A6CC730032B366 /* Assets.xcassets */ = {isa = PBXFileReference; lastKnownFileType = folder.assetcatalog; path = Assets.xcassets; sourceTree = "<group>"; };
		AECE5CB924A6CC730032B366 /* SquidPrint.app */ = {isa = PBXFileReference; explicitFileType = wrapper.application; includeInIndex = 0; path = SquidPrint.app; sourceTree = BUILT_PRODUCTS_DIR; };
		AECE5CBC24A6CC730032B366 /* Info.plist */ = {isa = PBXFileReference; lastKnownFileType = text.plist.xml; path = Info.plist; sourceTree = "<group>"; };
		AECE5CC124A6CC730032B366 /* SquidPrint.app */ = {isa = PBXFileReference; explicitFileType = wrapper.application; includeInIndex = 0; path = SquidPrint.app; sourceTree = BUILT_PRODUCTS_DIR; };
		AECE5CC324A6CC730032B366 /* Info.plist */ = {isa = PBXFileReference; lastKnownFileType = text.plist.xml; path = Info.plist; sourceTree = "<group>"; };
		AECE5CC424A6CC730032B366 /* macOS.entitlements */ = {isa = PBXFileReference; lastKnownFileType = text.plist.entitlements; path = macOS.entitlements; sourceTree = "<group>"; };
		AEE4BE7F24AAC0190030BE06 /* Connection.swift */ = {isa = PBXFileReference; lastKnownFileType = sourcecode.swift; path = Connection.swift; sourceTree = "<group>"; };
		AEEC373C24BEA2430014A123 /* MockNetworkSession.swift */ = {isa = PBXFileReference; lastKnownFileType = sourcecode.swift; path = MockNetworkSession.swift; sourceTree = "<group>"; };
		AEEC373F24BEA3650014A123 /* PrinterTests.swift */ = {isa = PBXFileReference; lastKnownFileType = sourcecode.swift; path = PrinterTests.swift; sourceTree = "<group>"; };
		AEEF22CF24A9853A0041BA36 /* ConnectionPage.swift */ = {isa = PBXFileReference; lastKnownFileType = sourcecode.swift; path = ConnectionPage.swift; sourceTree = "<group>"; };
		AEFE052024BA7A4200EDC93B /* View+LandscapeiPad.swift */ = {isa = PBXFileReference; lastKnownFileType = sourcecode.swift; path = "View+LandscapeiPad.swift"; sourceTree = "<group>"; };
		AEFE052424BA8C8F00EDC93B /* PrinterStore.swift */ = {isa = PBXFileReference; lastKnownFileType = sourcecode.swift; path = PrinterStore.swift; sourceTree = "<group>"; };
/* End PBXFileReference section */

/* Begin PBXFrameworksBuildPhase section */
		AEC20DFE24AD274C00BAC4CD /* Frameworks */ = {
			isa = PBXFrameworksBuildPhase;
			buildActionMask = 2147483647;
			files = (
			);
			runOnlyForDeploymentPostprocessing = 0;
		};
		AECE5CB624A6CC730032B366 /* Frameworks */ = {
			isa = PBXFrameworksBuildPhase;
			buildActionMask = 2147483647;
			files = (
				AE02D9EE24C3E0AF0050E993 /* CodeScanner in Frameworks */,
			);
			runOnlyForDeploymentPostprocessing = 0;
		};
		AECE5CBE24A6CC730032B366 /* Frameworks */ = {
			isa = PBXFrameworksBuildPhase;
			buildActionMask = 2147483647;
			files = (
			);
			runOnlyForDeploymentPostprocessing = 0;
		};
/* End PBXFrameworksBuildPhase section */

/* Begin PBXGroup section */
		AE03023424C5066400E229D3 /* Development Components */ = {
			isa = PBXGroup;
			children = (
				AE03023524C506F500E229D3 /* DesignConnectionDataSources.swift */,
			);
			path = "Development Components";
			sourceTree = "<group>";
		};
		AE064FE524BA6EDA00F0F910 /* Pages */ = {
			isa = PBXGroup;
			children = (
				AE064FE624BA6EEC00F0F910 /* PageHost.swift */,
				AEEF22CF24A9853A0041BA36 /* ConnectionPage.swift */,
				AE02D9E824C3C5200050E993 /* HomePage.swift */,
			);
			path = Pages;
			sourceTree = "<group>";
		};
		AE505FE824B41AD500FBB821 /* Printer */ = {
			isa = PBXGroup;
			children = (
				AE206E4124B41E1600F06AA6 /* Printer.swift */,
				AEFE052424BA8C8F00EDC93B /* PrinterStore.swift */,
				AE69824E24BBB8C400C828FD /* PersistedPrinter.swift */,
				AE505FE924B41B2200FBB821 /* Connection */,
			);
			path = Printer;
			sourceTree = "<group>";
		};
		AE505FE924B41B2200FBB821 /* Connection */ = {
			isa = PBXGroup;
			children = (
				AEE4BE7F24AAC0190030BE06 /* Connection.swift */,
				AE206E3D24B41BC300F06AA6 /* ConnectionController.swift */,
			);
			path = Connection;
			sourceTree = "<group>";
		};
		AEC20E0224AD274C00BAC4CD /* SquidPrintTests */ = {
			isa = PBXGroup;
			children = (
				AEC20E2224AD397100BAC4CD /* Mocks */,
				AEC20E2024AD317500BAC4CD /* Model */,
				AEC20E0524AD274C00BAC4CD /* Info.plist */,
				AEC20E2B24AD496400BAC4CD /* Helpers.swift */,
			);
			path = SquidPrintTests;
			sourceTree = "<group>";
		};
		AEC20E0B24AD28BE00BAC4CD /* Extensions */ = {
			isa = PBXGroup;
			children = (
				AEC20E0C24AD28DE00BAC4CD /* URL+StaticString.swift */,
				AEC20E2724AD3E5800BAC4CD /* URLSession+NetworkSession.swift */,
				AEFE052024BA7A4200EDC93B /* View+LandscapeiPad.swift */,
			);
			path = Extensions;
			sourceTree = "<group>";
		};
		AEC20E1424AD2C3500BAC4CD /* Network */ = {
			isa = PBXGroup;
			children = (
				AEC20E1524AD2C4500BAC4CD /* NetworkClient.swift */,
				AE62240624BBC1CD006EBBA5 /* ServerConfiguration.swift */,
			);
			path = Network;
			sourceTree = "<group>";
		};
		AEC20E2024AD317500BAC4CD /* Model */ = {
			isa = PBXGroup;
			children = (
				AEEC373E24BEA3080014A123 /* Printer */,
				AEC20E2124AD318900BAC4CD /* Network */,
			);
			path = Model;
			sourceTree = "<group>";
		};
		AEC20E2124AD318900BAC4CD /* Network */ = {
			isa = PBXGroup;
			children = (
				AEC20E0324AD274C00BAC4CD /* NetworkClientTests.swift */,
			);
			path = Network;
			sourceTree = "<group>";
		};
		AEC20E2224AD397100BAC4CD /* Mocks */ = {
			isa = PBXGroup;
			children = (
				AEEC373C24BEA2430014A123 /* MockNetworkSession.swift */,
			);
			path = Mocks;
			sourceTree = "<group>";
		};
		AEC20E2D24B3FD9700BAC4CD /* Views */ = {
			isa = PBXGroup;
			children = (
				AECE5CB324A6CC720032B366 /* PrinterSidebar.swift */,
				AEC20E2F24B3FE4B00BAC4CD /* LandingPage.swift */,
				AE6A06E024B57358004E124B /* RootView.swift */,
				AE5F4ADF24BD51D10060F08F /* AddPrinterView.swift */,
				AE064FE524BA6EDA00F0F910 /* Pages */,
			);
			path = Views;
			sourceTree = "<group>";
		};
		AEC20E2E24B3FDAD00BAC4CD /* Supporting Files */ = {
			isa = PBXGroup;
			children = (
				AECE5CB224A6CC720032B366 /* SquidPrintApp.swift */,
				AEC20E1024AD294600BAC4CD /* Constants.swift */,
				AECE5CB424A6CC730032B366 /* Assets.xcassets */,
			);
			path = "Supporting Files";
			sourceTree = "<group>";
		};
		AECE5CAC24A6CC710032B366 = {
			isa = PBXGroup;
			children = (
				AECE5CB124A6CC720032B366 /* Shared */,
				AECE5CBB24A6CC730032B366 /* iOS */,
				AECE5CC224A6CC730032B366 /* macOS */,
				AEC20E0224AD274C00BAC4CD /* SquidPrintTests */,
				AECE5CBA24A6CC730032B366 /* Products */,
			);
			sourceTree = "<group>";
		};
		AECE5CB124A6CC720032B366 /* Shared */ = {
			isa = PBXGroup;
			children = (
				AEC20E2E24B3FDAD00BAC4CD /* Supporting Files */,
				AEC20E2D24B3FD9700BAC4CD /* Views */,
				AEC20E0B24AD28BE00BAC4CD /* Extensions */,
				AEE4BE7824AABB090030BE06 /* Model */,
				AE03023424C5066400E229D3 /* Development Components */,
			);
			path = Shared;
			sourceTree = "<group>";
		};
		AECE5CBA24A6CC730032B366 /* Products */ = {
			isa = PBXGroup;
			children = (
				AECE5CB924A6CC730032B366 /* SquidPrint.app */,
				AECE5CC124A6CC730032B366 /* SquidPrint.app */,
				AEC20E0124AD274C00BAC4CD /* SquidPrintTests.xctest */,
			);
			name = Products;
			sourceTree = "<group>";
		};
		AECE5CBB24A6CC730032B366 /* iOS */ = {
			isa = PBXGroup;
			children = (
				AECE5CBC24A6CC730032B366 /* Info.plist */,
			);
			path = iOS;
			sourceTree = "<group>";
		};
		AECE5CC224A6CC730032B366 /* macOS */ = {
			isa = PBXGroup;
			children = (
				AECE5CC324A6CC730032B366 /* Info.plist */,
				AECE5CC424A6CC730032B366 /* macOS.entitlements */,
			);
			path = macOS;
			sourceTree = "<group>";
		};
		AEE4BE7824AABB090030BE06 /* Model */ = {
			isa = PBXGroup;
			children = (
				AE505FE824B41AD500FBB821 /* Printer */,
				AEC20E1424AD2C3500BAC4CD /* Network */,
			);
			path = Model;
			sourceTree = "<group>";
		};
		AEEC373E24BEA3080014A123 /* Printer */ = {
			isa = PBXGroup;
			children = (
				AEEC373F24BEA3650014A123 /* PrinterTests.swift */,
			);
			path = Printer;
			sourceTree = "<group>";
		};
/* End PBXGroup section */

/* Begin PBXNativeTarget section */
		AEC20E0024AD274C00BAC4CD /* SquidPrintTests */ = {
			isa = PBXNativeTarget;
			buildConfigurationList = AEC20E0A24AD274C00BAC4CD /* Build configuration list for PBXNativeTarget "SquidPrintTests" */;
			buildPhases = (
				AEC20DFD24AD274C00BAC4CD /* Sources */,
				AEC20DFE24AD274C00BAC4CD /* Frameworks */,
				AEC20DFF24AD274C00BAC4CD /* Resources */,
			);
			buildRules = (
			);
			dependencies = (
				AEC20E0724AD274C00BAC4CD /* PBXTargetDependency */,
			);
			name = SquidPrintTests;
			productName = SquidPrintTests;
			productReference = AEC20E0124AD274C00BAC4CD /* SquidPrintTests.xctest */;
			productType = "com.apple.product-type.bundle.unit-test";
		};
		AECE5CB824A6CC730032B366 /* iOS */ = {
			isa = PBXNativeTarget;
			buildConfigurationList = AECE5CCD24A6CC730032B366 /* Build configuration list for PBXNativeTarget "iOS" */;
			buildPhases = (
				AECE5CB524A6CC730032B366 /* Sources */,
				AECE5CB624A6CC730032B366 /* Frameworks */,
				AECE5CB724A6CC730032B366 /* Resources */,
			);
			buildRules = (
			);
			dependencies = (
			);
			name = iOS;
			packageProductDependencies = (
				AE02D9ED24C3E0AF0050E993 /* CodeScanner */,
			);
			productName = iOS;
			productReference = AECE5CB924A6CC730032B366 /* SquidPrint.app */;
			productType = "com.apple.product-type.application";
		};
		AECE5CC024A6CC730032B366 /* macOS */ = {
			isa = PBXNativeTarget;
			buildConfigurationList = AECE5CD024A6CC730032B366 /* Build configuration list for PBXNativeTarget "macOS" */;
			buildPhases = (
				AECE5CBD24A6CC730032B366 /* Sources */,
				AECE5CBE24A6CC730032B366 /* Frameworks */,
				AECE5CBF24A6CC730032B366 /* Resources */,
			);
			buildRules = (
			);
			dependencies = (
			);
			name = macOS;
			productName = macOS;
			productReference = AECE5CC124A6CC730032B366 /* SquidPrint.app */;
			productType = "com.apple.product-type.application";
		};
/* End PBXNativeTarget section */

/* Begin PBXProject section */
		AECE5CAD24A6CC710032B366 /* Project object */ = {
			isa = PBXProject;
			attributes = {
				LastSwiftUpdateCheck = 1200;
				LastUpgradeCheck = 1200;
				TargetAttributes = {
					AEC20E0024AD274C00BAC4CD = {
						CreatedOnToolsVersion = 12.0;
						TestTargetID = AECE5CB824A6CC730032B366;
					};
					AECE5CB824A6CC730032B366 = {
						CreatedOnToolsVersion = 12.0;
					};
					AECE5CC024A6CC730032B366 = {
						CreatedOnToolsVersion = 12.0;
					};
				};
			};
			buildConfigurationList = AECE5CB024A6CC710032B366 /* Build configuration list for PBXProject "SquidPrint" */;
			compatibilityVersion = "Xcode 9.3";
			developmentRegion = en;
			hasScannedForEncodings = 0;
			knownRegions = (
				en,
				Base,
			);
			mainGroup = AECE5CAC24A6CC710032B366;
			packageReferences = (
				AE02D9EC24C3E0AF0050E993 /* XCRemoteSwiftPackageReference "CodeScanner" */,
			);
			productRefGroup = AECE5CBA24A6CC730032B366 /* Products */;
			projectDirPath = "";
			projectRoot = "";
			targets = (
				AECE5CB824A6CC730032B366 /* iOS */,
				AECE5CC024A6CC730032B366 /* macOS */,
				AEC20E0024AD274C00BAC4CD /* SquidPrintTests */,
			);
		};
/* End PBXProject section */

/* Begin PBXResourcesBuildPhase section */
		AEC20DFF24AD274C00BAC4CD /* Resources */ = {
			isa = PBXResourcesBuildPhase;
			buildActionMask = 2147483647;
			files = (
			);
			runOnlyForDeploymentPostprocessing = 0;
		};
		AECE5CB724A6CC730032B366 /* Resources */ = {
			isa = PBXResourcesBuildPhase;
			buildActionMask = 2147483647;
			files = (
				AECE5CC924A6CC730032B366 /* Assets.xcassets in Resources */,
			);
			runOnlyForDeploymentPostprocessing = 0;
		};
		AECE5CBF24A6CC730032B366 /* Resources */ = {
			isa = PBXResourcesBuildPhase;
			buildActionMask = 2147483647;
			files = (
				AECE5CCA24A6CC730032B366 /* Assets.xcassets in Resources */,
			);
			runOnlyForDeploymentPostprocessing = 0;
		};
/* End PBXResourcesBuildPhase section */

/* Begin PBXSourcesBuildPhase section */
		AEC20DFD24AD274C00BAC4CD /* Sources */ = {
			isa = PBXSourcesBuildPhase;
			buildActionMask = 2147483647;
			files = (
				AE69825124BBB8C400C828FD /* PersistedPrinter.swift in Sources */,
				AE02D9EB24C3C5200050E993 /* HomePage.swift in Sources */,
				AEC20E0F24AD28DE00BAC4CD /* URL+StaticString.swift in Sources */,
				AEC20E3224B3FE4B00BAC4CD /* LandingPage.swift in Sources */,
				AEC20E1B24AD2D5700BAC4CD /* SquidPrintApp.swift in Sources */,
				AEEC374024BEA3650014A123 /* PrinterTests.swift in Sources */,
				AEC20E2A24AD3E5800BAC4CD /* URLSession+NetworkSession.swift in Sources */,
				AEC20E1C24AD2D5700BAC4CD /* ConnectionPage.swift in Sources */,
				AEC20E0424AD274C00BAC4CD /* NetworkClientTests.swift in Sources */,
				AE5F4AE224BD51D10060F08F /* AddPrinterView.swift in Sources */,
				AE206E4424B41E1600F06AA6 /* Printer.swift in Sources */,
				AE62240924BBC1CD006EBBA5 /* ServerConfiguration.swift in Sources */,
				AEC20E1924AD2D4300BAC4CD /* Connection.swift in Sources */,
				AE6A06E324B57358004E124B /* RootView.swift in Sources */,
				AEC20E1D24AD2D5700BAC4CD /* PrinterSidebar.swift in Sources */,
				AEEC373D24BEA2430014A123 /* MockNetworkSession.swift in Sources */,
				AEFE052324BA7A4200EDC93B /* View+LandscapeiPad.swift in Sources */,
				AEFE052724BA8C8F00EDC93B /* PrinterStore.swift in Sources */,
				AEC20E2C24AD496400BAC4CD /* Helpers.swift in Sources */,
				AE064FE924BA6EEC00F0F910 /* PageHost.swift in Sources */,
				AEC20E1824AD2C4500BAC4CD /* NetworkClient.swift in Sources */,
				AE206E4024B41BC300F06AA6 /* ConnectionController.swift in Sources */,
				AEC20E1324AD294600BAC4CD /* Constants.swift in Sources */,
			);
			runOnlyForDeploymentPostprocessing = 0;
		};
		AECE5CB524A6CC730032B366 /* Sources */ = {
			isa = PBXSourcesBuildPhase;
			buildActionMask = 2147483647;
			files = (
				AE206E3E24B41BC300F06AA6 /* ConnectionController.swift in Sources */,
				AEFE052124BA7A4200EDC93B /* View+LandscapeiPad.swift in Sources */,
				AEC20E2824AD3E5800BAC4CD /* URLSession+NetworkSession.swift in Sources */,
				AEC20E1624AD2C4500BAC4CD /* NetworkClient.swift in Sources */,
				AE6A06E124B57358004E124B /* RootView.swift in Sources */,
				AE064FE724BA6EEC00F0F910 /* PageHost.swift in Sources */,
				AEE4BE8024AAC0190030BE06 /* Connection.swift in Sources */,
				AE62240724BBC1CD006EBBA5 /* ServerConfiguration.swift in Sources */,
				AE02D9E924C3C5200050E993 /* HomePage.swift in Sources */,
				AE206E4224B41E1600F06AA6 /* Printer.swift in Sources */,
				AE69824F24BBB8C400C828FD /* PersistedPrinter.swift in Sources */,
				AEC20E0D24AD28DE00BAC4CD /* URL+StaticString.swift in Sources */,
				AE5F4AE024BD51D10060F08F /* AddPrinterView.swift in Sources */,
				AEFE052524BA8C8F00EDC93B /* PrinterStore.swift in Sources */,
				AECE5CC724A6CC730032B366 /* PrinterSidebar.swift in Sources */,
				AEC20E3024B3FE4B00BAC4CD /* LandingPage.swift in Sources */,
				AE03023624C506F500E229D3 /* DesignConnectionDataSources.swift in Sources */,
				AEEF22D024A9853A0041BA36 /* ConnectionPage.swift in Sources */,
				AECE5CC524A6CC730032B366 /* SquidPrintApp.swift in Sources */,
				AEC20E1124AD294600BAC4CD /* Constants.swift in Sources */,
			);
			runOnlyForDeploymentPostprocessing = 0;
		};
		AECE5CBD24A6CC730032B366 /* Sources */ = {
			isa = PBXSourcesBuildPhase;
			buildActionMask = 2147483647;
			files = (
				AE206E3F24B41BC300F06AA6 /* ConnectionController.swift in Sources */,
				AEFE052224BA7A4200EDC93B /* View+LandscapeiPad.swift in Sources */,
				AEC20E2924AD3E5800BAC4CD /* URLSession+NetworkSession.swift in Sources */,
				AEC20E1724AD2C4500BAC4CD /* NetworkClient.swift in Sources */,
				AE6A06E224B57358004E124B /* RootView.swift in Sources */,
				AE064FE824BA6EEC00F0F910 /* PageHost.swift in Sources */,
				AEE4BE8124AAC0190030BE06 /* Connection.swift in Sources */,
				AE62240824BBC1CD006EBBA5 /* ServerConfiguration.swift in Sources */,
				AE02D9EA24C3C5200050E993 /* HomePage.swift in Sources */,
				AE206E4324B41E1600F06AA6 /* Printer.swift in Sources */,
				AE69825024BBB8C400C828FD /* PersistedPrinter.swift in Sources */,
				AEC20E0E24AD28DE00BAC4CD /* URL+StaticString.swift in Sources */,
				AE5F4AE124BD51D10060F08F /* AddPrinterView.swift in Sources */,
				AEFE052624BA8C8F00EDC93B /* PrinterStore.swift in Sources */,
				AECE5CC824A6CC730032B366 /* PrinterSidebar.swift in Sources */,
				AEC20E3124B3FE4B00BAC4CD /* LandingPage.swift in Sources */,
				AE03023724C506F500E229D3 /* DesignConnectionDataSources.swift in Sources */,
				AEEF22D124A9853A0041BA36 /* ConnectionPage.swift in Sources */,
				AECE5CC624A6CC730032B366 /* SquidPrintApp.swift in Sources */,
				AEC20E1224AD294600BAC4CD /* Constants.swift in Sources */,
			);
			runOnlyForDeploymentPostprocessing = 0;
		};
/* End PBXSourcesBuildPhase section */

/* Begin PBXTargetDependency section */
		AEC20E0724AD274C00BAC4CD /* PBXTargetDependency */ = {
			isa = PBXTargetDependency;
			target = AECE5CB824A6CC730032B366 /* iOS */;
			targetProxy = AEC20E0624AD274C00BAC4CD /* PBXContainerItemProxy */;
		};
/* End PBXTargetDependency section */

/* Begin XCBuildConfiguration section */
		AEC20E0824AD274C00BAC4CD /* Debug */ = {
			isa = XCBuildConfiguration;
			buildSettings = {
				BUNDLE_LOADER = "$(TEST_HOST)";
				CODE_SIGN_STYLE = Automatic;
				DEVELOPMENT_TEAM = P4PBGN25JV;
				INFOPLIST_FILE = SquidPrintTests/Info.plist;
				IPHONEOS_DEPLOYMENT_TARGET = 14.0;
				LD_RUNPATH_SEARCH_PATHS = (
					"$(inherited)",
					"@executable_path/Frameworks",
					"@loader_path/Frameworks",
				);
				PRODUCT_BUNDLE_IDENTIFIER = us.duncanmacdonald.SquidPrintTests;
				PRODUCT_NAME = "$(TARGET_NAME)";
				SDKROOT = iphoneos;
				SWIFT_VERSION = 5.0;
				TARGETED_DEVICE_FAMILY = "1,2";
				TEST_HOST = "$(BUILT_PRODUCTS_DIR)/SquidPrint.app/SquidPrint";
			};
			name = Debug;
		};
		AEC20E0924AD274C00BAC4CD /* Release */ = {
			isa = XCBuildConfiguration;
			buildSettings = {
				BUNDLE_LOADER = "$(TEST_HOST)";
				CODE_SIGN_STYLE = Automatic;
				DEVELOPMENT_TEAM = P4PBGN25JV;
				INFOPLIST_FILE = SquidPrintTests/Info.plist;
				IPHONEOS_DEPLOYMENT_TARGET = 14.0;
				LD_RUNPATH_SEARCH_PATHS = (
					"$(inherited)",
					"@executable_path/Frameworks",
					"@loader_path/Frameworks",
				);
				PRODUCT_BUNDLE_IDENTIFIER = us.duncanmacdonald.SquidPrintTests;
				PRODUCT_NAME = "$(TARGET_NAME)";
				SDKROOT = iphoneos;
				SWIFT_VERSION = 5.0;
				TARGETED_DEVICE_FAMILY = "1,2";
				TEST_HOST = "$(BUILT_PRODUCTS_DIR)/SquidPrint.app/SquidPrint";
				VALIDATE_PRODUCT = YES;
			};
			name = Release;
		};
		AECE5CCB24A6CC730032B366 /* Debug */ = {
			isa = XCBuildConfiguration;
			buildSettings = {
				ALWAYS_SEARCH_USER_PATHS = NO;
				CLANG_ANALYZER_NONNULL = YES;
				CLANG_ANALYZER_NUMBER_OBJECT_CONVERSION = YES_AGGRESSIVE;
				CLANG_CXX_LANGUAGE_STANDARD = "gnu++14";
				CLANG_CXX_LIBRARY = "libc++";
				CLANG_ENABLE_MODULES = YES;
				CLANG_ENABLE_OBJC_ARC = YES;
				CLANG_ENABLE_OBJC_WEAK = YES;
				CLANG_WARN_BLOCK_CAPTURE_AUTORELEASING = YES;
				CLANG_WARN_BOOL_CONVERSION = YES;
				CLANG_WARN_COMMA = YES;
				CLANG_WARN_CONSTANT_CONVERSION = YES;
				CLANG_WARN_DEPRECATED_OBJC_IMPLEMENTATIONS = YES;
				CLANG_WARN_DIRECT_OBJC_ISA_USAGE = YES_ERROR;
				CLANG_WARN_DOCUMENTATION_COMMENTS = YES;
				CLANG_WARN_EMPTY_BODY = YES;
				CLANG_WARN_ENUM_CONVERSION = YES;
				CLANG_WARN_INFINITE_RECURSION = YES;
				CLANG_WARN_INT_CONVERSION = YES;
				CLANG_WARN_NON_LITERAL_NULL_CONVERSION = YES;
				CLANG_WARN_OBJC_IMPLICIT_RETAIN_SELF = YES;
				CLANG_WARN_OBJC_LITERAL_CONVERSION = YES;
				CLANG_WARN_OBJC_ROOT_CLASS = YES_ERROR;
				CLANG_WARN_QUOTED_INCLUDE_IN_FRAMEWORK_HEADER = YES;
				CLANG_WARN_RANGE_LOOP_ANALYSIS = YES;
				CLANG_WARN_STRICT_PROTOTYPES = YES;
				CLANG_WARN_SUSPICIOUS_MOVE = YES;
				CLANG_WARN_UNGUARDED_AVAILABILITY = YES_AGGRESSIVE;
				CLANG_WARN_UNREACHABLE_CODE = YES;
				CLANG_WARN__DUPLICATE_METHOD_MATCH = YES;
				COPY_PHASE_STRIP = NO;
				DEBUG_INFORMATION_FORMAT = dwarf;
				ENABLE_STRICT_OBJC_MSGSEND = YES;
				ENABLE_TESTABILITY = YES;
				GCC_C_LANGUAGE_STANDARD = gnu11;
				GCC_DYNAMIC_NO_PIC = NO;
				GCC_NO_COMMON_BLOCKS = YES;
				GCC_OPTIMIZATION_LEVEL = 0;
				GCC_PREPROCESSOR_DEFINITIONS = (
					"DEBUG=1",
					"$(inherited)",
				);
				GCC_WARN_64_TO_32_BIT_CONVERSION = YES;
				GCC_WARN_ABOUT_RETURN_TYPE = YES_ERROR;
				GCC_WARN_UNDECLARED_SELECTOR = YES;
				GCC_WARN_UNINITIALIZED_AUTOS = YES_AGGRESSIVE;
				GCC_WARN_UNUSED_FUNCTION = YES;
				GCC_WARN_UNUSED_VARIABLE = YES;
				MTL_ENABLE_DEBUG_INFO = INCLUDE_SOURCE;
				MTL_FAST_MATH = YES;
				ONLY_ACTIVE_ARCH = YES;
				SWIFT_ACTIVE_COMPILATION_CONDITIONS = DEBUG;
				SWIFT_OPTIMIZATION_LEVEL = "-Onone";
			};
			name = Debug;
		};
		AECE5CCC24A6CC730032B366 /* Release */ = {
			isa = XCBuildConfiguration;
			buildSettings = {
				ALWAYS_SEARCH_USER_PATHS = NO;
				CLANG_ANALYZER_NONNULL = YES;
				CLANG_ANALYZER_NUMBER_OBJECT_CONVERSION = YES_AGGRESSIVE;
				CLANG_CXX_LANGUAGE_STANDARD = "gnu++14";
				CLANG_CXX_LIBRARY = "libc++";
				CLANG_ENABLE_MODULES = YES;
				CLANG_ENABLE_OBJC_ARC = YES;
				CLANG_ENABLE_OBJC_WEAK = YES;
				CLANG_WARN_BLOCK_CAPTURE_AUTORELEASING = YES;
				CLANG_WARN_BOOL_CONVERSION = YES;
				CLANG_WARN_COMMA = YES;
				CLANG_WARN_CONSTANT_CONVERSION = YES;
				CLANG_WARN_DEPRECATED_OBJC_IMPLEMENTATIONS = YES;
				CLANG_WARN_DIRECT_OBJC_ISA_USAGE = YES_ERROR;
				CLANG_WARN_DOCUMENTATION_COMMENTS = YES;
				CLANG_WARN_EMPTY_BODY = YES;
				CLANG_WARN_ENUM_CONVERSION = YES;
				CLANG_WARN_INFINITE_RECURSION = YES;
				CLANG_WARN_INT_CONVERSION = YES;
				CLANG_WARN_NON_LITERAL_NULL_CONVERSION = YES;
				CLANG_WARN_OBJC_IMPLICIT_RETAIN_SELF = YES;
				CLANG_WARN_OBJC_LITERAL_CONVERSION = YES;
				CLANG_WARN_OBJC_ROOT_CLASS = YES_ERROR;
				CLANG_WARN_QUOTED_INCLUDE_IN_FRAMEWORK_HEADER = YES;
				CLANG_WARN_RANGE_LOOP_ANALYSIS = YES;
				CLANG_WARN_STRICT_PROTOTYPES = YES;
				CLANG_WARN_SUSPICIOUS_MOVE = YES;
				CLANG_WARN_UNGUARDED_AVAILABILITY = YES_AGGRESSIVE;
				CLANG_WARN_UNREACHABLE_CODE = YES;
				CLANG_WARN__DUPLICATE_METHOD_MATCH = YES;
				COPY_PHASE_STRIP = NO;
				DEBUG_INFORMATION_FORMAT = "dwarf-with-dsym";
				ENABLE_NS_ASSERTIONS = NO;
				ENABLE_STRICT_OBJC_MSGSEND = YES;
				GCC_C_LANGUAGE_STANDARD = gnu11;
				GCC_NO_COMMON_BLOCKS = YES;
				GCC_WARN_64_TO_32_BIT_CONVERSION = YES;
				GCC_WARN_ABOUT_RETURN_TYPE = YES_ERROR;
				GCC_WARN_UNDECLARED_SELECTOR = YES;
				GCC_WARN_UNINITIALIZED_AUTOS = YES_AGGRESSIVE;
				GCC_WARN_UNUSED_FUNCTION = YES;
				GCC_WARN_UNUSED_VARIABLE = YES;
				MTL_ENABLE_DEBUG_INFO = NO;
				MTL_FAST_MATH = YES;
				SWIFT_COMPILATION_MODE = wholemodule;
				SWIFT_OPTIMIZATION_LEVEL = "-O";
			};
			name = Release;
		};
		AECE5CCE24A6CC730032B366 /* Debug */ = {
			isa = XCBuildConfiguration;
			buildSettings = {
				ASSETCATALOG_COMPILER_APPICON_NAME = AppIcon;
				ASSETCATALOG_COMPILER_GLOBAL_ACCENT_COLOR_NAME = AccentColor;
				CODE_SIGN_STYLE = Automatic;
				DEVELOPMENT_ASSET_PATHS = "Shared/Development\\ Components";
				DEVELOPMENT_TEAM = P4PBGN25JV;
				ENABLE_PREVIEWS = YES;
				INFOPLIST_FILE = iOS/Info.plist;
				IPHONEOS_DEPLOYMENT_TARGET = 14.0;
				LD_RUNPATH_SEARCH_PATHS = (
					"$(inherited)",
					"@executable_path/Frameworks",
				);
				PRODUCT_BUNDLE_IDENTIFIER = us.duncanmacdonald.SquidPrint;
				PRODUCT_NAME = SquidPrint;
				SDKROOT = iphoneos;
				SWIFT_VERSION = 5.0;
				TARGETED_DEVICE_FAMILY = "1,2";
			};
			name = Debug;
		};
		AECE5CCF24A6CC730032B366 /* Release */ = {
			isa = XCBuildConfiguration;
			buildSettings = {
				ASSETCATALOG_COMPILER_APPICON_NAME = AppIcon;
				ASSETCATALOG_COMPILER_GLOBAL_ACCENT_COLOR_NAME = AccentColor;
				CODE_SIGN_STYLE = Automatic;
				DEVELOPMENT_ASSET_PATHS = "Shared/Development\\ Components";
				DEVELOPMENT_TEAM = P4PBGN25JV;
				ENABLE_PREVIEWS = YES;
				INFOPLIST_FILE = iOS/Info.plist;
				IPHONEOS_DEPLOYMENT_TARGET = 14.0;
				LD_RUNPATH_SEARCH_PATHS = (
					"$(inherited)",
					"@executable_path/Frameworks",
				);
				PRODUCT_BUNDLE_IDENTIFIER = us.duncanmacdonald.SquidPrint;
				PRODUCT_NAME = SquidPrint;
				SDKROOT = iphoneos;
				SWIFT_VERSION = 5.0;
				TARGETED_DEVICE_FAMILY = "1,2";
				VALIDATE_PRODUCT = YES;
			};
			name = Release;
		};
		AECE5CD124A6CC730032B366 /* Debug */ = {
			isa = XCBuildConfiguration;
			buildSettings = {
				ASSETCATALOG_COMPILER_APPICON_NAME = AppIcon;
				ASSETCATALOG_COMPILER_GLOBAL_ACCENT_COLOR_NAME = AccentColor;
				CODE_SIGN_ENTITLEMENTS = macOS/macOS.entitlements;
				CODE_SIGN_STYLE = Automatic;
				COMBINE_HIDPI_IMAGES = YES;
				DEVELOPMENT_TEAM = P4PBGN25JV;
				ENABLE_HARDENED_RUNTIME = YES;
				ENABLE_PREVIEWS = YES;
				INFOPLIST_FILE = macOS/Info.plist;
				LD_RUNPATH_SEARCH_PATHS = (
					"$(inherited)",
					"@executable_path/../Frameworks",
				);
				MACOSX_DEPLOYMENT_TARGET = 11.0;
				PRODUCT_BUNDLE_IDENTIFIER = us.duncanmacdonald.SquidPrint;
				PRODUCT_NAME = SquidPrint;
				SDKROOT = macosx;
				SWIFT_VERSION = 5.0;
			};
			name = Debug;
		};
		AECE5CD224A6CC730032B366 /* Release */ = {
			isa = XCBuildConfiguration;
			buildSettings = {
				ASSETCATALOG_COMPILER_APPICON_NAME = AppIcon;
				ASSETCATALOG_COMPILER_GLOBAL_ACCENT_COLOR_NAME = AccentColor;
				CODE_SIGN_ENTITLEMENTS = macOS/macOS.entitlements;
				CODE_SIGN_STYLE = Automatic;
				COMBINE_HIDPI_IMAGES = YES;
				DEVELOPMENT_TEAM = P4PBGN25JV;
				ENABLE_HARDENED_RUNTIME = YES;
				ENABLE_PREVIEWS = YES;
				INFOPLIST_FILE = macOS/Info.plist;
				LD_RUNPATH_SEARCH_PATHS = (
					"$(inherited)",
					"@executable_path/../Frameworks",
				);
				MACOSX_DEPLOYMENT_TARGET = 11.0;
				PRODUCT_BUNDLE_IDENTIFIER = us.duncanmacdonald.SquidPrint;
				PRODUCT_NAME = SquidPrint;
				SDKROOT = macosx;
				SWIFT_VERSION = 5.0;
			};
			name = Release;
		};
/* End XCBuildConfiguration section */

/* Begin XCConfigurationList section */
		AEC20E0A24AD274C00BAC4CD /* Build configuration list for PBXNativeTarget "SquidPrintTests" */ = {
			isa = XCConfigurationList;
			buildConfigurations = (
				AEC20E0824AD274C00BAC4CD /* Debug */,
				AEC20E0924AD274C00BAC4CD /* Release */,
			);
			defaultConfigurationIsVisible = 0;
			defaultConfigurationName = Release;
		};
		AECE5CB024A6CC710032B366 /* Build configuration list for PBXProject "SquidPrint" */ = {
			isa = XCConfigurationList;
			buildConfigurations = (
				AECE5CCB24A6CC730032B366 /* Debug */,
				AECE5CCC24A6CC730032B366 /* Release */,
			);
			defaultConfigurationIsVisible = 0;
			defaultConfigurationName = Release;
		};
		AECE5CCD24A6CC730032B366 /* Build configuration list for PBXNativeTarget "iOS" */ = {
			isa = XCConfigurationList;
			buildConfigurations = (
				AECE5CCE24A6CC730032B366 /* Debug */,
				AECE5CCF24A6CC730032B366 /* Release */,
			);
			defaultConfigurationIsVisible = 0;
			defaultConfigurationName = Release;
		};
		AECE5CD024A6CC730032B366 /* Build configuration list for PBXNativeTarget "macOS" */ = {
			isa = XCConfigurationList;
			buildConfigurations = (
				AECE5CD124A6CC730032B366 /* Debug */,
				AECE5CD224A6CC730032B366 /* Release */,
			);
			defaultConfigurationIsVisible = 0;
			defaultConfigurationName = Release;
		};
/* End XCConfigurationList section */

/* Begin XCRemoteSwiftPackageReference section */
		AE02D9EC24C3E0AF0050E993 /* XCRemoteSwiftPackageReference "CodeScanner" */ = {
			isa = XCRemoteSwiftPackageReference;
			repositoryURL = "https://github.com/twostraws/CodeScanner";
			requirement = {
				kind = upToNextMajorVersion;
				minimumVersion = 1.0.6;
			};
		};
/* End XCRemoteSwiftPackageReference section */

/* Begin XCSwiftPackageProductDependency section */
		AE02D9ED24C3E0AF0050E993 /* CodeScanner */ = {
			isa = XCSwiftPackageProductDependency;
			package = AE02D9EC24C3E0AF0050E993 /* XCRemoteSwiftPackageReference "CodeScanner" */;
			productName = CodeScanner;
		};
/* End XCSwiftPackageProductDependency section */
	};
	rootObject = AECE5CAD24A6CC710032B366 /* Project object */;
}
